<Solution>
  <Project Path="Assembly-CSharp.csproj" />
  <Project Path="PurrNetLobbySetup.csproj" />
  <Project Path="PurrNet.Microphone.csproj" />
  <Project Path="uLipSync.Editor.csproj" />
  <Project Path="uLipSync.Runtime.csproj" />
  <Project Path="PurrVoice.Runtime.csproj" />
  <Project Path="ParrelSync.csproj" />
  <Project Path="PurrNetLobby_Editor.csproj" />
  <Project Path="PurrVoice.Editor.csproj" />
</Solution>
