<Solution>
  <Project Path="Assembly-CSharp.csproj" />
  <Project Path="PurrNet.Microphone.csproj" />
  <Project Path="KinoBloom.Runtime.csproj" />
  <Project Path="uLipSync.Editor.csproj" />
  <Project Path="PurrNetLobbySetup.csproj" />
  <Project Path="CFXRDemo.csproj" />
  <Project Path="uLipSync.Runtime.csproj" />
  <Project Path="PurrVoice.Runtime.csproj" />
  <Project Path="CFXREditor.csproj" />
  <Project Path="ToonyColorsPro.Demo.Editor.csproj" />
  <Project Path="ParrelSync.csproj" />
  <Project Path="Assembly-CSharp-Editor.csproj" />
  <Project Path="PurrVoice.Editor.csproj" />
  <Project Path="com.cqf.outline.csproj" />
  <Project Path="CFXRRuntime.csproj" />
  <Project Path="PurrNetLobby_Editor.csproj" />
</Solution>
